dependencies:
- name: vault
  repository: https://helm.releases.hashicorp.com
  version: 0.27.0
- name: external-secrets
  repository: https://charts.external-secrets.io
  version: 0.9.13
digest: sha256:aeb015898a252e1d1f2bc4836e10aed85242bbb63beef2e6d90192f86c2ab57c
generated: "2024-03-14T15:50:12.079138+01:00"
